// !$*UTF8*$!
{
	archiveVersion = 1;
	classes = {
	};
	objectVersion = 55;
	objects = {

/* Begin PBXBuildFile section */
		A6DB58FE285AB60A005D8B05 /* CalcEngine.swift in Sources */ = {isa = PBXBuildFile; fileRef = A6DB58FD285AB60A005D8B05 /* CalcEngine.swift */; };
		A6DB5906285AB938005D8B05 /* com_mina_Dentaku.swift in Sources */ = {isa = PBXBuildFile; fileRef = A6DB5905285AB938005D8B05 /* com_mina_Dentaku.swift */; };
		B06030E52842057000FCAC8D /* AppDelegate.swift in Sources */ = {isa = PBXBuildFile; fileRef = B06030E42842057000FCAC8D /* AppDelegate.swift */; };
		B06030E72842057000FCAC8D /* SceneDelegate.swift in Sources */ = {isa = PBXBuildFile; fileRef = B06030E62842057000FCAC8D /* SceneDelegate.swift */; };
		B06030E92842057000FCAC8D /* ViewController.swift in Sources */ = {isa = PBXBuildFile; fileRef = B06030E82842057000FCAC8D /* ViewController.swift */; };
		B06030EC2842057100FCAC8D /* Main.storyboard in Resources */ = {isa = PBXBuildFile; fileRef = B06030EA2842057100FCAC8D /* Main.storyboard */; };
		B06030EE2842057500FCAC8D /* Assets.xcassets in Resources */ = {isa = PBXBuildFile; fileRef = B06030ED2842057500FCAC8D /* Assets.xcassets */; };
		B06030F12842057500FCAC8D /* LaunchScreen.storyboard in Resources */ = {isa = PBXBuildFile; fileRef = B06030EF2842057500FCAC8D /* LaunchScreen.storyboard */; };
/* End PBXBuildFile section */

/* Begin PBXContainerItemProxy section */
		A6DB5907285AB938005D8B05 /* PBXContainerItemProxy */ = {
			isa = PBXContainerItemProxy;
			containerPortal = B06030D92842057000FCAC8D /* Project object */;
			proxyType = 1;
			remoteGlobalIDString = B06030E02842057000FCAC8D;
			remoteInfo = Dentaku;
		};
/* End PBXContainerItemProxy section */

/* Begin PBXFileReference section */
		A6DB58FD285AB60A005D8B05 /* CalcEngine.swift */ = {isa = PBXFileReference; lastKnownFileType = sourcecode.swift; path = CalcEngine.swift; sourceTree = "<group>"; };
		A6DB5903285AB938005D8B05 /* com.mina.Dentaku.xctest */ = {isa = PBXFileReference; explicitFileType = wrapper.cfbundle; includeInIndex = 0; path = com.mina.Dentaku.xctest; sourceTree = BUILT_PRODUCTS_DIR; };
		A6DB5905285AB938005D8B05 /* com_mina_Dentaku.swift */ = {isa = PBXFileReference; lastKnownFileType = sourcecode.swift; path = com_mina_Dentaku.swift; sourceTree = "<group>"; };
		B06030E12842057000FCAC8D /* Dentaku.app */ = {isa = PBXFileReference; explicitFileType = wrapper.application; includeInIndex = 0; path = Dentaku.app; sourceTree = BUILT_PRODUCTS_DIR; };
		B06030E42842057000FCAC8D /* AppDelegate.swift */ = {isa = PBXFileReference; lastKnownFileType = sourcecode.swift; path = AppDelegate.swift; sourceTree = "<group>"; };
		B06030E62842057000FCAC8D /* SceneDelegate.swift */ = {isa = PBXFileReference; lastKnownFileType = sourcecode.swift; path = SceneDelegate.swift; sourceTree = "<group>"; };
		B06030E82842057000FCAC8D /* ViewController.swift */ = {isa = PBXFileReference; lastKnownFileType = sourcecode.swift; path = ViewController.swift; sourceTree = "<group>"; };
		B06030EB2842057100FCAC8D /* Base */ = {isa = PBXFileReference; lastKnownFileType = file.storyboard; name = Base; path = Base.lproj/Main.storyboard; sourceTree = "<group>"; };
		B06030ED2842057500FCAC8D /* Assets.xcassets */ = {isa = PBXFileReference; lastKnownFileType = folder.assetcatalog; path = Assets.xcassets; sourceTree = "<group>"; };
		B06030F02842057500FCAC8D /* Base */ = {isa = PBXFileReference; lastKnownFileType = file.storyboard; name = Base; path = Base.lproj/LaunchScreen.storyboard; sourceTree = "<group>"; };
		B06030F22842057500FCAC8D /* Info.plist */ = {isa = PBXFileReference; lastKnownFileType = text.plist.xml; path = Info.plist; sourceTree = "<group>"; };
/* End PBXFileReference section */

/* Begin PBXFrameworksBuildPhase section */
		A6DB5900285AB938005D8B05 /* Frameworks */ = {
			isa = PBXFrameworksBuildPhase;
			buildActionMask = 2147483647;
			files = (
			);
			runOnlyForDeploymentPostprocessing = 0;
		};
		B06030DE2842057000FCAC8D /* Frameworks */ = {
			isa = PBXFrameworksBuildPhase;
			buildActionMask = 2147483647;
			files = (
			);
			runOnlyForDeploymentPostprocessing = 0;
		};
/* End PBXFrameworksBuildPhase section */

/* Begin PBXGroup section */
		A6DB5904285AB938005D8B05 /* com.mina.Dentaku */ = {
			isa = PBXGroup;
			children = (
				A6DB5905285AB938005D8B05 /* com_mina_Dentaku.swift */,
			);
			path = com.mina.Dentaku;
			sourceTree = "<group>";
		};
		B06030D82842057000FCAC8D = {
			isa = PBXGroup;
			children = (
				B06030E32842057000FCAC8D /* Dentaku */,
				A6DB5904285AB938005D8B05 /* com.mina.Dentaku */,
				B06030E22842057000FCAC8D /* Products */,
			);
			sourceTree = "<group>";
		};
		B06030E22842057000FCAC8D /* Products */ = {
			isa = PBXGroup;
			children = (
				B06030E12842057000FCAC8D /* Dentaku.app */,
				A6DB5903285AB938005D8B05 /* com.mina.Dentaku.xctest */,
			);
			name = Products;
			sourceTree = "<group>";
		};
		B06030E32842057000FCAC8D /* Dentaku */ = {
			isa = PBXGroup;
			children = (
				B06030E42842057000FCAC8D /* AppDelegate.swift */,
				B06030E62842057000FCAC8D /* SceneDelegate.swift */,
				B06030E82842057000FCAC8D /* ViewController.swift */,
				B06030EA2842057100FCAC8D /* Main.storyboard */,
				B06030ED2842057500FCAC8D /* Assets.xcassets */,
				B06030EF2842057500FCAC8D /* LaunchScreen.storyboard */,
				B06030F22842057500FCAC8D /* Info.plist */,
				A6DB58FD285AB60A005D8B05 /* CalcEngine.swift */,
			);
			path = Dentaku;
			sourceTree = "<group>";
		};
/* End PBXGroup section */

/* Begin PBXNativeTarget section */
		A6DB5902285AB938005D8B05 /* com.mina.Dentaku */ = {
			isa = PBXNativeTarget;
			buildConfigurationList = A6DB5909285AB938005D8B05 /* Build configuration list for PBXNativeTarget "com.mina.Dentaku" */;
			buildPhases = (
				A6DB58FF285AB938005D8B05 /* Sources */,
				A6DB5900285AB938005D8B05 /* Frameworks */,
				A6DB5901285AB938005D8B05 /* Resources */,
			);
			buildRules = (
			);
			dependencies = (
				A6DB5908285AB938005D8B05 /* PBXTargetDependency */,
			);
			name = com.mina.Dentaku;
			productName = com.mina.Dentaku;
			productReference = A6DB5903285AB938005D8B05 /* com.mina.Dentaku.xctest */;
			productType = "com.apple.product-type.bundle.unit-test";
		};
		B06030E02842057000FCAC8D /* Dentaku */ = {
			isa = PBXNativeTarget;
			buildConfigurationList = B06030F52842057500FCAC8D /* Build configuration list for PBXNativeTarget "Dentaku" */;
			buildPhases = (
				B06030DD2842057000FCAC8D /* Sources */,
				B06030DE2842057000FCAC8D /* Frameworks */,
				B06030DF2842057000FCAC8D /* Resources */,
			);
			buildRules = (
			);
			dependencies = (
			);
			name = Dentaku;
			productName = Dentaku;
			productReference = B06030E12842057000FCAC8D /* Dentaku.app */;
			productType = "com.apple.product-type.application";
		};
/* End PBXNativeTarget section */

/* Begin PBXProject section */
		B06030D92842057000FCAC8D /* Project object */ = {
			isa = PBXProject;
			attributes = {
				BuildIndependentTargetsInParallel = 1;
				LastSwiftUpdateCheck = 1340;
				LastUpgradeCheck = 1320;
				TargetAttributes = {
					A6DB5902285AB938005D8B05 = {
						CreatedOnToolsVersion = 13.4;
						TestTargetID = B06030E02842057000FCAC8D;
					};
					B06030E02842057000FCAC8D = {
						CreatedOnToolsVersion = 13.2.1;
					};
				};
			};
			buildConfigurationList = B06030DC2842057000FCAC8D /* Build configuration list for PBXProject "Dentaku" */;
			compatibilityVersion = "Xcode 13.0";
			developmentRegion = en;
			hasScannedForEncodings = 0;
			knownRegions = (
				en,
				Base,
			);
			mainGroup = B06030D82842057000FCAC8D;
			productRefGroup = B06030E22842057000FCAC8D /* Products */;
			projectDirPath = "";
			projectRoot = "";
			targets = (
				B06030E02842057000FCAC8D /* Dentaku */,
				A6DB5902285AB938005D8B05 /* com.mina.Dentaku */,
			);
		};
/* End PBXProject section */

/* Begin PBXResourcesBuildPhase section */
		A6DB5901285AB938005D8B05 /* Resources */ = {
			isa = PBXResourcesBuildPhase;
			buildActionMask = 2147483647;
			files = (
			);
			runOnlyForDeploymentPostprocessing = 0;
		};
		B06030DF2842057000FCAC8D /* Resources */ = {
			isa = PBXResourcesBuildPhase;
			buildActionMask = 2147483647;
			files = (
				B06030F12842057500FCAC8D /* LaunchScreen.storyboard in Resources */,
				B06030EE2842057500FCAC8D /* Assets.xcassets in Resources */,
				B06030EC2842057100FCAC8D /* Main.storyboard in Resources */,
			);
			runOnlyForDeploymentPostprocessing = 0;
		};
/* End PBXResourcesBuildPhase section */

/* Begin PBXSourcesBuildPhase section */
		A6DB58FF285AB938005D8B05 /* Sources */ = {
			isa = PBXSourcesBuildPhase;
			buildActionMask = 2147483647;
			files = (
				A6DB5906285AB938005D8B05 /* com_mina_Dentaku.swift in Sources */,
			);
			runOnlyForDeploymentPostprocessing = 0;
		};
		B06030DD2842057000FCAC8D /* Sources */ = {
			isa = PBXSourcesBuildPhase;
			buildActionMask = 2147483647;
			files = (
				B06030E92842057000FCAC8D /* ViewController.swift in Sources */,
				A6DB58FE285AB60A005D8B05 /* CalcEngine.swift in Sources */,
				B06030E52842057000FCAC8D /* AppDelegate.swift in Sources */,
				B06030E72842057000FCAC8D /* SceneDelegate.swift in Sources */,
			);
			runOnlyForDeploymentPostprocessing = 0;
		};
/* End PBXSourcesBuildPhase section */

/* Begin PBXTargetDependency section */
		A6DB5908285AB938005D8B05 /* PBXTargetDependency */ = {
			isa = PBXTargetDependency;
			target = B06030E02842057000FCAC8D /* Dentaku */;
			targetProxy = A6DB5907285AB938005D8B05 /* PBXContainerItemProxy */;
		};
/* End PBXTargetDependency section */

/* Begin PBXVariantGroup section */
		B06030EA2842057100FCAC8D /* Main.storyboard */ = {
			isa = PBXVariantGroup;
			children = (
				B06030EB2842057100FCAC8D /* Base */,
			);
			name = Main.storyboard;
			sourceTree = "<group>";
		};
		B06030EF2842057500FCAC8D /* LaunchScreen.storyboard */ = {
			isa = PBXVariantGroup;
			children = (
				B06030F02842057500FCAC8D /* Base */,
			);
			name = LaunchScreen.storyboard;
			sourceTree = "<group>";
		};
/* End PBXVariantGroup section */

/* Begin XCBuildConfiguration section */
		A6DB590A285AB938005D8B05 /* Debug */ = {
			isa = XCBuildConfiguration;
			buildSettings = {
				BUNDLE_LOADER = "$(TEST_HOST)";
				CODE_SIGN_STYLE = Automatic;
				CURRENT_PROJECT_VERSION = 1;
				GENERATE_INFOPLIST_FILE = YES;
				IPHONEOS_DEPLOYMENT_TARGET = 15.5;
				MARKETING_VERSION = 1.0;
				PRODUCT_BUNDLE_IDENTIFIER = "com.kaigosapuri.com-mina-Dentaku";
				PRODUCT_NAME = "$(TARGET_NAME)";
				SWIFT_EMIT_LOC_STRINGS = NO;
				SWIFT_VERSION = 5.0;
				TARGETED_DEVICE_FAMILY = "1,2";
				TEST_HOST = "$(BUILT_PRODUCTS_DIR)/Dentaku.app/Dentaku";
			};
			name = Debug;
		};
		A6DB590B285AB938005D8B05 /* Release */ = {
			isa = XCBuildConfiguration;
			buildSettings = {
				BUNDLE_LOADER = "$(TEST_HOST)";
				CODE_SIGN_STYLE = Automatic;
				CURRENT_PROJECT_VERSION = 1;
				GENERATE_INFOPLIST_FILE = YES;
				IPHONEOS_DEPLOYMENT_TARGET = 15.5;
				MARKETING_VERSION = 1.0;
				PRODUCT_BUNDLE_IDENTIFIER = "com.kaigosapuri.com-mina-Dentaku";
				PRODUCT_NAME = "$(TARGET_NAME)";
				SWIFT_EMIT_LOC_STRINGS = NO;
				SWIFT_VERSION = 5.0;
				TARGETED_DEVICE_FAMILY = "1,2";
				TEST_HOST = "$(BUILT_PRODUCTS_DIR)/Dentaku.app/Dentaku";
			};
			name = Release;
		};
		B06030F32842057500FCAC8D /* Debug */ = {
			isa = XCBuildConfiguration;
			buildSettings = {
				ALWAYS_SEARCH_USER_PATHS = NO;
				CLANG_ANALYZER_NONNULL = YES;
				CLANG_ANALYZER_NUMBER_OBJECT_CONVERSION = YES_AGGRESSIVE;
				CLANG_CXX_LANGUAGE_STANDARD = "gnu++17";
				CLANG_CXX_LIBRARY = "libc++";
				CLANG_ENABLE_MODULES = YES;
				CLANG_ENABLE_OBJC_ARC = YES;
				CLANG_ENABLE_OBJC_WEAK = YES;
				CLANG_WARN_BLOCK_CAPTURE_AUTORELEASING = YES;
				CLANG_WARN_BOOL_CONVERSION = YES;
				CLANG_WARN_COMMA = YES;
				CLANG_WARN_CONSTANT_CONVERSION = YES;
				CLANG_WARN_DEPRECATED_OBJC_IMPLEMENTATIONS = YES;
				CLANG_WARN_DIRECT_OBJC_ISA_USAGE = YES_ERROR;
				CLANG_WARN_DOCUMENTATION_COMMENTS = YES;
				CLANG_WARN_EMPTY_BODY = YES;
				CLANG_WARN_ENUM_CONVERSION = YES;
				CLANG_WARN_INFINITE_RECURSION = YES;
				CLANG_WARN_INT_CONVERSION = YES;
				CLANG_WARN_NON_LITERAL_NULL_CONVERSION = YES;
				CLANG_WARN_OBJC_IMPLICIT_RETAIN_SELF = YES;
				CLANG_WARN_OBJC_LITERAL_CONVERSION = YES;
				CLANG_WARN_OBJC_ROOT_CLASS = YES_ERROR;
				CLANG_WARN_QUOTED_INCLUDE_IN_FRAMEWORK_HEADER = YES;
				CLANG_WARN_RANGE_LOOP_ANALYSIS = YES;
				CLANG_WARN_STRICT_PROTOTYPES = YES;
				CLANG_WARN_SUSPICIOUS_MOVE = YES;
				CLANG_WARN_UNGUARDED_AVAILABILITY = YES_AGGRESSIVE;
				CLANG_WARN_UNREACHABLE_CODE = YES;
				CLANG_WARN__DUPLICATE_METHOD_MATCH = YES;
				COPY_PHASE_STRIP = NO;
				DEBUG_INFORMATION_FORMAT = dwarf;
				ENABLE_STRICT_OBJC_MSGSEND = YES;
				ENABLE_TESTABILITY = YES;
				GCC_C_LANGUAGE_STANDARD = gnu11;
				GCC_DYNAMIC_NO_PIC = NO;
				GCC_NO_COMMON_BLOCKS = YES;
				GCC_OPTIMIZATION_LEVEL = 0;
				GCC_PREPROCESSOR_DEFINITIONS = (
					"DEBUG=1",
					"$(inherited)",
				);
				GCC_WARN_64_TO_32_BIT_CONVERSION = YES;
				GCC_WARN_ABOUT_RETURN_TYPE = YES_ERROR;
				GCC_WARN_UNDECLARED_SELECTOR = YES;
				GCC_WARN_UNINITIALIZED_AUTOS = YES_AGGRESSIVE;
				GCC_WARN_UNUSED_FUNCTION = YES;
				GCC_WARN_UNUSED_VARIABLE = YES;
				IPHONEOS_DEPLOYMENT_TARGET = 15.2;
				MTL_ENABLE_DEBUG_INFO = INCLUDE_SOURCE;
				MTL_FAST_MATH = YES;
				ONLY_ACTIVE_ARCH = YES;
				SDKROOT = iphoneos;
				SWIFT_ACTIVE_COMPILATION_CONDITIONS = DEBUG;
				SWIFT_OPTIMIZATION_LEVEL = "-Onone";
			};
			name = Debug;
		};
		B06030F42842057500FCAC8D /* Release */ = {
			isa = XCBuildConfiguration;
			buildSettings = {
				ALWAYS_SEARCH_USER_PATHS = NO;
				CLANG_ANALYZER_NONNULL = YES;
				CLANG_ANALYZER_NUMBER_OBJECT_CONVERSION = YES_AGGRESSIVE;
				CLANG_CXX_LANGUAGE_STANDARD = "gnu++17";
				CLANG_CXX_LIBRARY = "libc++";
				CLANG_ENABLE_MODULES = YES;
				CLANG_ENABLE_OBJC_ARC = YES;
				CLANG_ENABLE_OBJC_WEAK = YES;
				CLANG_WARN_BLOCK_CAPTURE_AUTORELEASING = YES;
				CLANG_WARN_BOOL_CONVERSION = YES;
				CLANG_WARN_COMMA = YES;
				CLANG_WARN_CONSTANT_CONVERSION = YES;
				CLANG_WARN_DEPRECATED_OBJC_IMPLEMENTATIONS = YES;
				CLANG_WARN_DIRECT_OBJC_ISA_USAGE = YES_ERROR;
				CLANG_WARN_DOCUMENTATION_COMMENTS = YES;
				CLANG_WARN_EMPTY_BODY = YES;
				CLANG_WARN_ENUM_CONVERSION = YES;
				CLANG_WARN_INFINITE_RECURSION = YES;
				CLANG_WARN_INT_CONVERSION = YES;
				CLANG_WARN_NON_LITERAL_NULL_CONVERSION = YES;
				CLANG_WARN_OBJC_IMPLICIT_RETAIN_SELF = YES;
				CLANG_WARN_OBJC_LITERAL_CONVERSION = YES;
				CLANG_WARN_OBJC_ROOT_CLASS = YES_ERROR;
				CLANG_WARN_QUOTED_INCLUDE_IN_FRAMEWORK_HEADER = YES;
				CLANG_WARN_RANGE_LOOP_ANALYSIS = YES;
				CLANG_WARN_STRICT_PROTOTYPES = YES;
				CLANG_WARN_SUSPICIOUS_MOVE = YES;
				CLANG_WARN_UNGUARDED_AVAILABILITY = YES_AGGRESSIVE;
				CLANG_WARN_UNREACHABLE_CODE = YES;
				CLANG_WARN__DUPLICATE_METHOD_MATCH = YES;
				COPY_PHASE_STRIP = NO;
				DEBUG_INFORMATION_FORMAT = "dwarf-with-dsym";
				ENABLE_NS_ASSERTIONS = NO;
				ENABLE_STRICT_OBJC_MSGSEND = YES;
				GCC_C_LANGUAGE_STANDARD = gnu11;
				GCC_NO_COMMON_BLOCKS = YES;
				GCC_WARN_64_TO_32_BIT_CONVERSION = YES;
				GCC_WARN_ABOUT_RETURN_TYPE = YES_ERROR;
				GCC_WARN_UNDECLARED_SELECTOR = YES;
				GCC_WARN_UNINITIALIZED_AUTOS = YES_AGGRESSIVE;
				GCC_WARN_UNUSED_FUNCTION = YES;
				GCC_WARN_UNUSED_VARIABLE = YES;
				IPHONEOS_DEPLOYMENT_TARGET = 15.2;
				MTL_ENABLE_DEBUG_INFO = NO;
				MTL_FAST_MATH = YES;
				SDKROOT = iphoneos;
				SWIFT_COMPILATION_MODE = wholemodule;
				SWIFT_OPTIMIZATION_LEVEL = "-O";
				VALIDATE_PRODUCT = YES;
			};
			name = Release;
		};
		B06030F62842057500FCAC8D /* Debug */ = {
			isa = XCBuildConfiguration;
			buildSettings = {
				ASSETCATALOG_COMPILER_APPICON_NAME = AppIcon;
				ASSETCATALOG_COMPILER_GLOBAL_ACCENT_COLOR_NAME = AccentColor;
				CODE_SIGN_STYLE = Automatic;
				CURRENT_PROJECT_VERSION = 1;
				DEVELOPMENT_TEAM = D5R8J2596F;
				GENERATE_INFOPLIST_FILE = YES;
				INFOPLIST_FILE = Dentaku/Info.plist;
				INFOPLIST_KEY_UIApplicationSupportsIndirectInputEvents = YES;
				INFOPLIST_KEY_UILaunchStoryboardName = LaunchScreen;
				INFOPLIST_KEY_UIMainStoryboardFile = Main;
				INFOPLIST_KEY_UISupportedInterfaceOrientations_iPad = "UIInterfaceOrientationPortrait UIInterfaceOrientationPortraitUpsideDown UIInterfaceOrientationLandscapeLeft UIInterfaceOrientationLandscapeRight";
				INFOPLIST_KEY_UISupportedInterfaceOrientations_iPhone = "UIInterfaceOrientationPortrait UIInterfaceOrientationLandscapeLeft UIInterfaceOrientationLandscapeRight";
				LD_RUNPATH_SEARCH_PATHS = (
					"$(inherited)",
					"@executable_path/Frameworks",
				);
				MARKETING_VERSION = 1.0;
				PRODUCT_BUNDLE_IDENTIFIER = com.mina.Dentaku;
				PRODUCT_NAME = "$(TARGET_NAME)";
				SWIFT_EMIT_LOC_STRINGS = YES;
				SWIFT_VERSION = 5.0;
				TARGETED_DEVICE_FAMILY = "1,2";
			};
			name = Debug;
		};
		B06030F72842057500FCAC8D /* Release */ = {
			isa = XCBuildConfiguration;
			buildSettings = {
				ASSETCATALOG_COMPILER_APPICON_NAME = AppIcon;
				ASSETCATALOG_COMPILER_GLOBAL_ACCENT_COLOR_NAME = AccentColor;
				CODE_SIGN_STYLE = Automatic;
				CURRENT_PROJECT_VERSION = 1;
				DEVELOPMENT_TEAM = D5R8J2596F;
				GENERATE_INFOPLIST_FILE = YES;
				INFOPLIST_FILE = Dentaku/Info.plist;
				INFOPLIST_KEY_UIApplicationSupportsIndirectInputEvents = YES;
				INFOPLIST_KEY_UILaunchStoryboardName = LaunchScreen;
				INFOPLIST_KEY_UIMainStoryboardFile = Main;
				INFOPLIST_KEY_UISupportedInterfaceOrientations_iPad = "UIInterfaceOrientationPortrait UIInterfaceOrientationPortraitUpsideDown UIInterfaceOrientationLandscapeLeft UIInterfaceOrientationLandscapeRight";
				INFOPLIST_KEY_UISupportedInterfaceOrientations_iPhone = "UIInterfaceOrientationPortrait UIInterfaceOrientationLandscapeLeft UIInterfaceOrientationLandscapeRight";
				LD_RUNPATH_SEARCH_PATHS = (
					"$(inherited)",
					"@executable_path/Frameworks",
				);
				MARKETING_VERSION = 1.0;
				PRODUCT_BUNDLE_IDENTIFIER = com.mina.Dentaku;
				PRODUCT_NAME = "$(TARGET_NAME)";
				SWIFT_EMIT_LOC_STRINGS = YES;
				SWIFT_VERSION = 5.0;
				TARGETED_DEVICE_FAMILY = "1,2";
			};
			name = Release;
		};
/* End XCBuildConfiguration section */

/* Begin XCConfigurationList section */
		A6DB5909285AB938005D8B05 /* Build configuration list for PBXNativeTarget "com.mina.Dentaku" */ = {
			isa = XCConfigurationList;
			buildConfigurations = (
				A6DB590A285AB938005D8B05 /* Debug */,
				A6DB590B285AB938005D8B05 /* Release */,
			);
			defaultConfigurationIsVisible = 0;
			defaultConfigurationName = Release;
		};
		B06030DC2842057000FCAC8D /* Build configuration list for PBXProject "Dentaku" */ = {
			isa = XCConfigurationList;
			buildConfigurations = (
				B06030F32842057500FCAC8D /* Debug */,
				B06030F42842057500FCAC8D /* Release */,
			);
			defaultConfigurationIsVisible = 0;
			defaultConfigurationName = Release;
		};
		B06030F52842057500FCAC8D /* Build configuration list for PBXNativeTarget "Dentaku" */ = {
			isa = XCConfigurationList;
			buildConfigurations = (
				B06030F62842057500FCAC8D /* Debug */,
				B06030F72842057500FCAC8D /* Release */,
			);
			defaultConfigurationIsVisible = 0;
			defaultConfigurationName = Release;
		};
/* End XCConfigurationList section */
	};
	rootObject = B06030D92842057000FCAC8D /* Project object */;
}
